// !$*UTF8*$!
{
	archiveVersion = 1;
	classes = {
	};
	objectVersion = 56;
	objects = {

/* Begin PBXBuildFile section */
		001 /* SecureOTPApp.swift in Sources */ = {isa = PBXBuildFile; fileRef = 101 /* SecureOTPApp.swift */; };
		002 /* ContentView.swift in Sources */ = {isa = PBXBuildFile; fileRef = 102 /* ContentView.swift */; };
		003 /* AuthManager.swift in Sources */ = {isa = PBXBuildFile; fileRef = 103 /* AuthManager.swift */; };
		004 /* SignInView.swift in Sources */ = {isa = PBXBuildFile; fileRef = 104 /* SignInView.swift */; };
		005 /* MainTabView.swift in Sources */ = {isa = PBXBuildFile; fileRef = 105 /* MainTabView.swift */; };
		006 /* AccountView.swift in Sources */ = {isa = PBXBuildFile; fileRef = 106 /* AccountView.swift */; };
		007 /* OTPListView.swift in Sources */ = {isa = PBXBuildFile; fileRef = 107 /* OTPListView.swift */; };
		008 /* OTPAccount.swift in Sources */ = {isa = PBXBuildFile; fileRef = 108 /* OTPAccount.swift */; };
		009 /* OTPRowView.swift in Sources */ = {isa = PBXBuildFile; fileRef = 109 /* OTPRowView.swift */; };
		010 /* AddOTPView.swift in Sources */ = {isa = PBXBuildFile; fileRef = 110 /* AddOTPView.swift */; };
		011 /* Base32.swift in Sources */ = {isa = PBXBuildFile; fileRef = 111 /* Base32.swift */; };
		012 /* TOTP.swift in Sources */ = {isa = PBXBuildFile; fileRef = 112 /* TOTP.swift */; };
		013 /* Assets.xcassets in Resources */ = {isa = PBXBuildFile; fileRef = 113 /* Assets.xcassets */; };
		014 /* MainSidebarView.swift in Sources */ = {isa = PBXBuildFile; fileRef = 114 /* MainSidebarView.swift */; };
		015 /* APIService.swift in Sources */ = {isa = PBXBuildFile; fileRef = 115 /* APIService.swift */; };
		016 /* QRScannerView.swift in Sources */ = {isa = PBXBuildFile; fileRef = 116 /* QRScannerView.swift */; };
		017 /* SplashView.swift in Sources */ = {isa = PBXBuildFile; fileRef = 117 /* SplashView.swift */; };
		018 /* CatalystScreenQRScannerView.swift in Sources */ = {isa = PBXBuildFile; fileRef = 118 /* CatalystScreenQRScannerView.swift */; };
		M001 /* SecureOTPApp.swift in Sources */ = {isa = PBXBuildFile; fileRef = 101 /* SecureOTPApp.swift */; };
		M002 /* ContentView.swift in Sources */ = {isa = PBXBuildFile; fileRef = 102 /* ContentView.swift */; };
		M003 /* AuthManager.swift in Sources */ = {isa = PBXBuildFile; fileRef = 103 /* AuthManager.swift */; };
		M004 /* SignInView.swift in Sources */ = {isa = PBXBuildFile; fileRef = 104 /* SignInView.swift */; };
		M005 /* MainSidebarView.swift in Sources */ = {isa = PBXBuildFile; fileRef = 114 /* MainSidebarView.swift */; };
		M006 /* AccountView.swift in Sources */ = {isa = PBXBuildFile; fileRef = 106 /* AccountView.swift */; };
		M007 /* OTPListView.swift in Sources */ = {isa = PBXBuildFile; fileRef = 107 /* OTPListView.swift */; };
		M008 /* OTPAccount.swift in Sources */ = {isa = PBXBuildFile; fileRef = 108 /* OTPAccount.swift */; };
		M009 /* OTPRowView.swift in Sources */ = {isa = PBXBuildFile; fileRef = 109 /* OTPRowView.swift */; };
		M010 /* AddOTPView.swift in Sources */ = {isa = PBXBuildFile; fileRef = 110 /* AddOTPView.swift */; };
		M011 /* Base32.swift in Sources */ = {isa = PBXBuildFile; fileRef = 111 /* Base32.swift */; };
		M012 /* TOTP.swift in Sources */ = {isa = PBXBuildFile; fileRef = 112 /* TOTP.swift */; };
		M013 /* Assets.xcassets in Resources */ = {isa = PBXBuildFile; fileRef = 113 /* Assets.xcassets */; };
		M015 /* APIService.swift in Sources */ = {isa = PBXBuildFile; fileRef = 115 /* APIService.swift */; };
		M017 /* SplashView.swift in Sources */ = {isa = PBXBuildFile; fileRef = 117 /* SplashView.swift */; };
		M018 /* ScreenQRScannerView.swift in Sources */ = {isa = PBXBuildFile; fileRef = M115 /* ScreenQRScannerView.swift */; };
		W001 /* WatchApp.swift in Sources */ = {isa = PBXBuildFile; fileRef = W101 /* WatchApp.swift */; };
		W002 /* WatchContentView.swift in Sources */ = {isa = PBXBuildFile; fileRef = W102 /* WatchContentView.swift */; };
		W003 /* WatchOTPManager.swift in Sources */ = {isa = PBXBuildFile; fileRef = W103 /* WatchOTPManager.swift */; };
		W004 /* OTPAccount.swift in Sources */ = {isa = PBXBuildFile; fileRef = 108 /* OTPAccount.swift */; };
		W005 /* Base32.swift in Sources */ = {isa = PBXBuildFile; fileRef = 111 /* Base32.swift */; };
		W006 /* TOTP.swift in Sources */ = {isa = PBXBuildFile; fileRef = 112 /* TOTP.swift */; };
		W007 /* Assets.xcassets in Resources */ = {isa = PBXBuildFile; fileRef = W113 /* Assets.xcassets */; };
		W008 /* APIService.swift in Sources */ = {isa = PBXBuildFile; fileRef = 115 /* APIService.swift */; };
/* End PBXBuildFile section */

/* Begin PBXFileReference section */
		100 /* SecureOTP.app */ = {isa = PBXFileReference; explicitFileType = wrapper.application; includeInIndex = 0; path = SecureOTP.app; sourceTree = BUILT_PRODUCTS_DIR; };
		101 /* SecureOTPApp.swift */ = {isa = PBXFileReference; lastKnownFileType = sourcecode.swift; path = SecureOTPApp.swift; sourceTree = "<group>"; };
		102 /* ContentView.swift */ = {isa = PBXFileReference; lastKnownFileType = sourcecode.swift; path = ContentView.swift; sourceTree = "<group>"; };
		103 /* AuthManager.swift */ = {isa = PBXFileReference; lastKnownFileType = sourcecode.swift; path = AuthManager.swift; sourceTree = "<group>"; };
		104 /* SignInView.swift */ = {isa = PBXFileReference; lastKnownFileType = sourcecode.swift; path = SignInView.swift; sourceTree = "<group>"; };
		105 /* MainTabView.swift */ = {isa = PBXFileReference; lastKnownFileType = sourcecode.swift; path = MainTabView.swift; sourceTree = "<group>"; };
		106 /* AccountView.swift */ = {isa = PBXFileReference; lastKnownFileType = sourcecode.swift; path = AccountView.swift; sourceTree = "<group>"; };
		107 /* OTPListView.swift */ = {isa = PBXFileReference; lastKnownFileType = sourcecode.swift; path = OTPListView.swift; sourceTree = "<group>"; };
		108 /* OTPAccount.swift */ = {isa = PBXFileReference; lastKnownFileType = sourcecode.swift; path = OTPAccount.swift; sourceTree = "<group>"; };
		109 /* OTPRowView.swift */ = {isa = PBXFileReference; lastKnownFileType = sourcecode.swift; path = OTPRowView.swift; sourceTree = "<group>"; };
		110 /* AddOTPView.swift */ = {isa = PBXFileReference; lastKnownFileType = sourcecode.swift; path = AddOTPView.swift; sourceTree = "<group>"; };
		111 /* Base32.swift */ = {isa = PBXFileReference; lastKnownFileType = sourcecode.swift; path = Base32.swift; sourceTree = "<group>"; };
		112 /* TOTP.swift */ = {isa = PBXFileReference; lastKnownFileType = sourcecode.swift; path = TOTP.swift; sourceTree = "<group>"; };
		113 /* Assets.xcassets */ = {isa = PBXFileReference; lastKnownFileType = folder.assetcatalog; path = Assets.xcassets; sourceTree = "<group>"; };
		114 /* MainSidebarView.swift */ = {isa = PBXFileReference; lastKnownFileType = sourcecode.swift; path = MainSidebarView.swift; sourceTree = "<group>"; };
		115 /* APIService.swift */ = {isa = PBXFileReference; lastKnownFileType = sourcecode.swift; path = APIService.swift; sourceTree = "<group>"; };
		116 /* QRScannerView.swift */ = {isa = PBXFileReference; lastKnownFileType = sourcecode.swift; path = QRScannerView.swift; sourceTree = "<group>"; };
		117 /* SplashView.swift */ = {isa = PBXFileReference; lastKnownFileType = sourcecode.swift; path = SplashView.swift; sourceTree = "<group>"; };
		118 /* CatalystScreenQRScannerView.swift */ = {isa = PBXFileReference; lastKnownFileType = sourcecode.swift; path = CatalystScreenQRScannerView.swift; sourceTree = "<group>"; };
		M100 /* SecureOTP macOS.app */ = {isa = PBXFileReference; explicitFileType = wrapper.application; includeInIndex = 0; path = "SecureOTP macOS.app"; sourceTree = BUILT_PRODUCTS_DIR; };
		M114 /* Info.plist */ = {isa = PBXFileReference; lastKnownFileType = text.plist.xml; path = Info.plist; sourceTree = "<group>"; };
		M115 /* ScreenQRScannerView.swift */ = {isa = PBXFileReference; lastKnownFileType = sourcecode.swift; path = ScreenQRScannerView.swift; sourceTree = "<group>"; };
		W100 /* SecureOTP Watch.app */ = {isa = PBXFileReference; explicitFileType = wrapper.application; includeInIndex = 0; path = "SecureOTP Watch.app"; sourceTree = BUILT_PRODUCTS_DIR; };
		W101 /* WatchApp.swift */ = {isa = PBXFileReference; lastKnownFileType = sourcecode.swift; path = WatchApp.swift; sourceTree = "<group>"; };
		W102 /* WatchContentView.swift */ = {isa = PBXFileReference; lastKnownFileType = sourcecode.swift; path = WatchContentView.swift; sourceTree = "<group>"; };
		W103 /* WatchOTPManager.swift */ = {isa = PBXFileReference; lastKnownFileType = sourcecode.swift; path = WatchOTPManager.swift; sourceTree = "<group>"; };
		W113 /* Assets.xcassets */ = {isa = PBXFileReference; lastKnownFileType = folder.assetcatalog; path = Assets.xcassets; sourceTree = "<group>"; };
/* End PBXFileReference section */

/* Begin PBXFrameworksBuildPhase section */
		200 /* Frameworks */ = {
			isa = PBXFrameworksBuildPhase;
			buildActionMask = 2147483647;
			files = (
			);
			runOnlyForDeploymentPostprocessing = 0;
		};
		M200 /* Frameworks */ = {
			isa = PBXFrameworksBuildPhase;
			buildActionMask = 2147483647;
			files = (
			);
			runOnlyForDeploymentPostprocessing = 0;
		};
		W200 /* Frameworks */ = {
			isa = PBXFrameworksBuildPhase;
			buildActionMask = 2147483647;
			files = (
			);
			runOnlyForDeploymentPostprocessing = 0;
		};
/* End PBXFrameworksBuildPhase section */

/* Begin PBXGroup section */
		300 = {
			isa = PBXGroup;
			children = (
				301 /* SecureOTP */,
				302 /* Products */,
			);
			sourceTree = "<group>";
		};
		301 /* SecureOTP */ = {
			isa = PBXGroup;
			children = (
				303 /* Shared */,
				304 /* iOS */,
				305 /* macOS */,
				306 /* watchOS */,
				113 /* Assets.xcassets */,
			);
			path = SecureOTP;
			sourceTree = "<group>";
		};
		302 /* Products */ = {
			isa = PBXGroup;
			children = (
				100 /* SecureOTP.app */,
				M100 /* SecureOTP macOS.app */,
				W100 /* SecureOTP Watch.app */,
			);
			name = Products;
			sourceTree = "<group>";
		};
		303 /* Shared */ = {
			isa = PBXGroup;
			children = (
				101 /* SecureOTPApp.swift */,
				102 /* ContentView.swift */,
				103 /* AuthManager.swift */,
				104 /* SignInView.swift */,
				106 /* AccountView.swift */,
				107 /* OTPListView.swift */,
				108 /* OTPAccount.swift */,
				109 /* OTPRowView.swift */,
				110 /* AddOTPView.swift */,
				111 /* Base32.swift */,
				112 /* TOTP.swift */,
				115 /* APIService.swift */,
				117 /* SplashView.swift */,
			);
			path = Shared;
			sourceTree = "<group>";
		};
		304 /* iOS */ = {
			isa = PBXGroup;
			children = (
				105 /* MainTabView.swift */,
				116 /* QRScannerView.swift */,
			);
			path = iOS;
			sourceTree = "<group>";
		};
		305 /* macOS */ = {
			isa = PBXGroup;
			children = (
				114 /* MainSidebarView.swift */,
				M114 /* Info.plist */,
				M115 /* ScreenQRScannerView.swift */,
				118 /* CatalystScreenQRScannerView.swift */,
			);
			path = macOS;
			sourceTree = "<group>";
		};
		306 /* watchOS */ = {
			isa = PBXGroup;
			children = (
				W101 /* WatchApp.swift */,
				W102 /* WatchContentView.swift */,
				W103 /* WatchOTPManager.swift */,
				W113 /* Assets.xcassets */,
			);
			path = watchOS;
			sourceTree = "<group>";
		};
/* End PBXGroup section */

/* Begin PBXNativeTarget section */
		400 /* SecureOTP */ = {
			isa = PBXNativeTarget;
			buildConfigurationList = 500 /* Build configuration list for PBXNativeTarget "SecureOTP" */;
			buildPhases = (
				401 /* Sources */,
				200 /* Frameworks */,
				402 /* Resources */,
			);
			buildRules = (
			);
			dependencies = (
			);
			name = SecureOTP;
			productName = SecureOTP;
			productReference = 100 /* SecureOTP.app */;
			productType = "com.apple.product-type.application";
		};
		M400 /* SecureOTP macOS */ = {
			isa = PBXNativeTarget;
			buildConfigurationList = M500 /* Build configuration list for PBXNativeTarget "SecureOTP macOS" */;
			buildPhases = (
				M401 /* Sources */,
				M200 /* Frameworks */,
				M402 /* Resources */,
			);
			buildRules = (
			);
			dependencies = (
			);
			name = "SecureOTP macOS";
			productName = SecureOTP;
			productReference = M100 /* SecureOTP macOS.app */;
			productType = "com.apple.product-type.application";
		};
		W400 /* SecureOTP Watch */ = {
			isa = PBXNativeTarget;
			buildConfigurationList = W500 /* Build configuration list for PBXNativeTarget "SecureOTP Watch" */;
			buildPhases = (
				W401 /* Sources */,
				W200 /* Frameworks */,
				W402 /* Resources */,
			);
			buildRules = (
			);
			dependencies = (
			);
			name = "SecureOTP Watch";
			productName = "SecureOTP Watch";
			productReference = W100 /* SecureOTP Watch.app */;
			productType = "com.apple.product-type.application";
		};
/* End PBXNativeTarget section */

/* Begin PBXProject section */
		600 /* Project object */ = {
			isa = PBXProject;
			attributes = {
				BuildIndependentTargetsInParallel = 1;
				LastSwiftUpdateCheck = 1500;
				LastUpgradeCheck = 2610;
				TargetAttributes = {
					400 = {
						CreatedOnToolsVersion = 15.0;
					};
					M400 = {
						CreatedOnToolsVersion = 15.0;
					};
					W400 = {
						CreatedOnToolsVersion = 15.0;
					};
				};
			};
			buildConfigurationList = 601 /* Build configuration list for PBXProject "SecureOTP" */;
			compatibilityVersion = "Xcode 14.0";
			developmentRegion = en;
			hasScannedForEncodings = 0;
			knownRegions = (
				en,
				Base,
			);
			mainGroup = 300;
			productRefGroup = 302 /* Products */;
			projectDirPath = "";
			projectRoot = "";
			targets = (
				400 /* SecureOTP */,
				M400 /* SecureOTP macOS */,
				W400 /* SecureOTP Watch */,
			);
		};
/* End PBXProject section */

/* Begin PBXResourcesBuildPhase section */
		402 /* Resources */ = {
			isa = PBXResourcesBuildPhase;
			buildActionMask = 2147483647;
			files = (
				013 /* Assets.xcassets in Resources */,
			);
			runOnlyForDeploymentPostprocessing = 0;
		};
		M402 /* Resources */ = {
			isa = PBXResourcesBuildPhase;
			buildActionMask = 2147483647;
			files = (
				M013 /* Assets.xcassets in Resources */,
			);
			runOnlyForDeploymentPostprocessing = 0;
		};
		W402 /* Resources */ = {
			isa = PBXResourcesBuildPhase;
			buildActionMask = 2147483647;
			files = (
				W007 /* Assets.xcassets in Resources */,
			);
			runOnlyForDeploymentPostprocessing = 0;
		};
/* End PBXResourcesBuildPhase section */

/* Begin PBXSourcesBuildPhase section */
		401 /* Sources */ = {
			isa = PBXSourcesBuildPhase;
			buildActionMask = 2147483647;
			files = (
				001 /* SecureOTPApp.swift in Sources */,
				002 /* ContentView.swift in Sources */,
				003 /* AuthManager.swift in Sources */,
				004 /* SignInView.swift in Sources */,
				005 /* MainTabView.swift in Sources */,
				006 /* AccountView.swift in Sources */,
				007 /* OTPListView.swift in Sources */,
				008 /* OTPAccount.swift in Sources */,
				009 /* OTPRowView.swift in Sources */,
				010 /* AddOTPView.swift in Sources */,
				011 /* Base32.swift in Sources */,
				012 /* TOTP.swift in Sources */,
				014 /* MainSidebarView.swift in Sources */,
				015 /* APIService.swift in Sources */,
				016 /* QRScannerView.swift in Sources */,
				017 /* SplashView.swift in Sources */,
				018 /* CatalystScreenQRScannerView.swift in Sources */,
			);
			runOnlyForDeploymentPostprocessing = 0;
		};
		M401 /* Sources */ = {
			isa = PBXSourcesBuildPhase;
			buildActionMask = 2147483647;
			files = (
				M001 /* SecureOTPApp.swift in Sources */,
				M002 /* ContentView.swift in Sources */,
				M003 /* AuthManager.swift in Sources */,
				M004 /* SignInView.swift in Sources */,
				M005 /* MainSidebarView.swift in Sources */,
				M006 /* AccountView.swift in Sources */,
				M007 /* OTPListView.swift in Sources */,
				M008 /* OTPAccount.swift in Sources */,
				M009 /* OTPRowView.swift in Sources */,
				M010 /* AddOTPView.swift in Sources */,
				M011 /* Base32.swift in Sources */,
				M012 /* TOTP.swift in Sources */,
				M015 /* APIService.swift in Sources */,
				M017 /* SplashView.swift in Sources */,
				M018 /* ScreenQRScannerView.swift in Sources */,
			);
			runOnlyForDeploymentPostprocessing = 0;
		};
		W401 /* Sources */ = {
			isa = PBXSourcesBuildPhase;
			buildActionMask = 2147483647;
			files = (
				W001 /* WatchApp.swift in Sources */,
				W002 /* WatchContentView.swift in Sources */,
				W003 /* WatchOTPManager.swift in Sources */,
				W004 /* OTPAccount.swift in Sources */,
				W005 /* Base32.swift in Sources */,
				W006 /* TOTP.swift in Sources */,
				W008 /* APIService.swift in Sources */,
			);
			runOnlyForDeploymentPostprocessing = 0;
		};
/* End PBXSourcesBuildPhase section */

/* Begin XCBuildConfiguration section */
		700 /* Debug */ = {
			isa = XCBuildConfiguration;
			buildSettings = {
				ALWAYS_SEARCH_USER_PATHS = NO;
				ASSETCATALOG_COMPILER_GENERATE_SWIFT_ASSET_SYMBOL_EXTENSIONS = YES;
				CLANG_ANALYZER_NONNULL = YES;
				CLANG_ANALYZER_NUMBER_OBJECT_CONVERSION = YES_AGGRESSIVE;
				CLANG_CXX_LANGUAGE_STANDARD = "gnu++20";
				CLANG_ENABLE_MODULES = YES;
				CLANG_ENABLE_OBJC_ARC = YES;
				CLANG_ENABLE_OBJC_WEAK = YES;
				CLANG_WARN_BLOCK_CAPTURE_AUTORELEASING = YES;
				CLANG_WARN_BOOL_CONVERSION = YES;
				CLANG_WARN_COMMA = YES;
				CLANG_WARN_CONSTANT_CONVERSION = YES;
				CLANG_WARN_DEPRECATED_OBJC_IMPLEMENTATIONS = YES;
				CLANG_WARN_DIRECT_OBJC_ISA_USAGE = YES_ERROR;
				CLANG_WARN_DOCUMENTATION_COMMENTS = YES;
				CLANG_WARN_EMPTY_BODY = YES;
				CLANG_WARN_ENUM_CONVERSION = YES;
				CLANG_WARN_INFINITE_RECURSION = YES;
				CLANG_WARN_INT_CONVERSION = YES;
				CLANG_WARN_NON_LITERAL_NULL_CONVERSION = YES;
				CLANG_WARN_OBJC_IMPLICIT_RETAIN_SELF = YES;
				CLANG_WARN_OBJC_LITERAL_CONVERSION = YES;
				CLANG_WARN_OBJC_ROOT_CLASS = YES_ERROR;
				CLANG_WARN_QUOTED_INCLUDE_IN_FRAMEWORK_HEADER = YES;
				CLANG_WARN_RANGE_LOOP_ANALYSIS = YES;
				CLANG_WARN_STRICT_PROTOTYPES = YES;
				CLANG_WARN_SUSPICIOUS_MOVE = YES;
				CLANG_WARN_UNGUARDED_AVAILABILITY = YES_AGGRESSIVE;
				CLANG_WARN_UNREACHABLE_CODE = YES;
				CLANG_WARN__DUPLICATE_METHOD_MATCH = YES;
				COPY_PHASE_STRIP = NO;
				DEAD_CODE_STRIPPING = YES;
				DEBUG_INFORMATION_FORMAT = dwarf;
				DEVELOPMENT_TEAM = 285DRRCCWB;
				ENABLE_STRICT_OBJC_MSGSEND = YES;
				ENABLE_TESTABILITY = YES;
				ENABLE_USER_SCRIPT_SANDBOXING = YES;
				GCC_C_LANGUAGE_STANDARD = gnu17;
				GCC_DYNAMIC_NO_PIC = NO;
				GCC_NO_COMMON_BLOCKS = YES;
				GCC_OPTIMIZATION_LEVEL = 0;
				GCC_PREPROCESSOR_DEFINITIONS = (
					"DEBUG=1",
					"$(inherited)",
				);
				GCC_WARN_64_TO_32_BIT_CONVERSION = YES;
				GCC_WARN_ABOUT_RETURN_TYPE = YES_ERROR;
				GCC_WARN_UNDECLARED_SELECTOR = YES;
				GCC_WARN_UNINITIALIZED_AUTOS = YES_AGGRESSIVE;
				GCC_WARN_UNUSED_FUNCTION = YES;
				GCC_WARN_UNUSED_VARIABLE = YES;
				IPHONEOS_DEPLOYMENT_TARGET = 17.0;
				LOCALIZATION_PREFERS_STRING_CATALOGS = YES;
				MACOSX_DEPLOYMENT_TARGET = 14.0;
				MTL_ENABLE_DEBUG_INFO = INCLUDE_SOURCE;
				MTL_FAST_MATH = YES;
				ONLY_ACTIVE_ARCH = YES;
				STRING_CATALOG_GENERATE_SYMBOLS = YES;
				SWIFT_ACTIVE_COMPILATION_CONDITIONS = "DEBUG $(inherited)";
				SWIFT_OPTIMIZATION_LEVEL = "-Onone";
			};
			name = Debug;
		};
		701 /* Release */ = {
			isa = XCBuildConfiguration;
			buildSettings = {
				ALWAYS_SEARCH_USER_PATHS = NO;
				ASSETCATALOG_COMPILER_GENERATE_SWIFT_ASSET_SYMBOL_EXTENSIONS = YES;
				CLANG_ANALYZER_NONNULL = YES;
				CLANG_ANALYZER_NUMBER_OBJECT_CONVERSION = YES_AGGRESSIVE;
				CLANG_CXX_LANGUAGE_STANDARD = "gnu++20";
				CLANG_ENABLE_MODULES = YES;
				CLANG_ENABLE_OBJC_ARC = YES;
				CLANG_ENABLE_OBJC_WEAK = YES;
				CLANG_WARN_BLOCK_CAPTURE_AUTORELEASING = YES;
				CLANG_WARN_BOOL_CONVERSION = YES;
				CLANG_WARN_COMMA = YES;
				CLANG_WARN_CONSTANT_CONVERSION = YES;
				CLANG_WARN_DEPRECATED_OBJC_IMPLEMENTATIONS = YES;
				CLANG_WARN_DIRECT_OBJC_ISA_USAGE = YES_ERROR;
				CLANG_WARN_DOCUMENTATION_COMMENTS = YES;
				CLANG_WARN_EMPTY_BODY = YES;
				CLANG_WARN_ENUM_CONVERSION = YES;
				CLANG_WARN_INFINITE_RECURSION = YES;
				CLANG_WARN_INT_CONVERSION = YES;
				CLANG_WARN_NON_LITERAL_NULL_CONVERSION = YES;
				CLANG_WARN_OBJC_IMPLICIT_RETAIN_SELF = YES;
				CLANG_WARN_OBJC_LITERAL_CONVERSION = YES;
				CLANG_WARN_OBJC_ROOT_CLASS = YES_ERROR;
				CLANG_WARN_QUOTED_INCLUDE_IN_FRAMEWORK_HEADER = YES;
				CLANG_WARN_RANGE_LOOP_ANALYSIS = YES;
				CLANG_WARN_STRICT_PROTOTYPES = YES;
				CLANG_WARN_SUSPICIOUS_MOVE = YES;
				CLANG_WARN_UNGUARDED_AVAILABILITY = YES_AGGRESSIVE;
				CLANG_WARN_UNREACHABLE_CODE = YES;
				CLANG_WARN__DUPLICATE_METHOD_MATCH = YES;
				COPY_PHASE_STRIP = NO;
				DEAD_CODE_STRIPPING = YES;
				DEBUG_INFORMATION_FORMAT = "dwarf-with-dsym";
				DEVELOPMENT_TEAM = 285DRRCCWB;
				ENABLE_NS_ASSERTIONS = NO;
				ENABLE_STRICT_OBJC_MSGSEND = YES;
				ENABLE_USER_SCRIPT_SANDBOXING = YES;
				GCC_C_LANGUAGE_STANDARD = gnu17;
				GCC_NO_COMMON_BLOCKS = YES;
				GCC_WARN_64_TO_32_BIT_CONVERSION = YES;
				GCC_WARN_ABOUT_RETURN_TYPE = YES_ERROR;
				GCC_WARN_UNDECLARED_SELECTOR = YES;
				GCC_WARN_UNINITIALIZED_AUTOS = YES_AGGRESSIVE;
				GCC_WARN_UNUSED_FUNCTION = YES;
				GCC_WARN_UNUSED_VARIABLE = YES;
				IPHONEOS_DEPLOYMENT_TARGET = 17.0;
				LOCALIZATION_PREFERS_STRING_CATALOGS = YES;
				MACOSX_DEPLOYMENT_TARGET = 14.0;
				MTL_ENABLE_DEBUG_INFO = NO;
				MTL_FAST_MATH = YES;
				STRING_CATALOG_GENERATE_SYMBOLS = YES;
				SWIFT_COMPILATION_MODE = wholemodule;
				VALIDATE_PRODUCT = YES;
			};
			name = Release;
		};
		702 /* Debug */ = {
			isa = XCBuildConfiguration;
			buildSettings = {
				ASSETCATALOG_COMPILER_APPICON_NAME = AppIcon;
				ASSETCATALOG_COMPILER_GLOBAL_ACCENT_COLOR_NAME = AccentColor;
				CODE_SIGN_ENTITLEMENTS = SecureOTP/SecureOTP.entitlements;
				CODE_SIGN_STYLE = Automatic;
				CURRENT_PROJECT_VERSION = 1;
				ENABLE_PREVIEWS = YES;
				GENERATE_INFOPLIST_FILE = YES;
				INFOPLIST_FILE = SecureOTP/Info.plist;
				INFOPLIST_KEY_CFBundleDisplayName = "Secure OTP";
				INFOPLIST_KEY_NSCameraUsageDescription = "Camera access is required to scan QR codes for adding OTP accounts.";
				INFOPLIST_KEY_UIApplicationSceneManifest_Generation = YES;
				INFOPLIST_KEY_UIApplicationSupportsIndirectInputEvents = YES;
				INFOPLIST_KEY_UILaunchScreen_Generation = YES;
				INFOPLIST_KEY_UISupportedInterfaceOrientations = UIInterfaceOrientationPortrait;
				IPHONEOS_DEPLOYMENT_TARGET = 26.0;
				LD_RUNPATH_SEARCH_PATHS = (
					"$(inherited)",
					"@executable_path/Frameworks",
				);
				MARKETING_VERSION = 1.0;
				PRODUCT_BUNDLE_IDENTIFIER = com.quettasoft.app.SecureOTP;
				PRODUCT_NAME = "$(TARGET_NAME)";
				SDKROOT = iphoneos;
				SUPPORTS_MACCATALYST = YES;
				SUPPORTS_MAC_DESIGNED_FOR_IPHONE_IPAD = YES;
				SWIFT_EMIT_LOC_STRINGS = YES;
				SWIFT_VERSION = 5.0;
				TARGETED_DEVICE_FAMILY = "1,2,6";
			};
			name = Debug;
		};
		703 /* Release */ = {
			isa = XCBuildConfiguration;
			buildSettings = {
				ASSETCATALOG_COMPILER_APPICON_NAME = AppIcon;
				ASSETCATALOG_COMPILER_GLOBAL_ACCENT_COLOR_NAME = AccentColor;
				CODE_SIGN_ENTITLEMENTS = SecureOTP/SecureOTP.entitlements;
				CODE_SIGN_STYLE = Automatic;
				CURRENT_PROJECT_VERSION = 1;
				ENABLE_PREVIEWS = YES;
				GENERATE_INFOPLIST_FILE = YES;
				INFOPLIST_FILE = SecureOTP/Info.plist;
				INFOPLIST_KEY_CFBundleDisplayName = "Secure OTP";
				INFOPLIST_KEY_NSCameraUsageDescription = "Camera access is required to scan QR codes for adding OTP accounts.";
				INFOPLIST_KEY_UIApplicationSceneManifest_Generation = YES;
				INFOPLIST_KEY_UIApplicationSupportsIndirectInputEvents = YES;
				INFOPLIST_KEY_UILaunchScreen_Generation = YES;
				INFOPLIST_KEY_UISupportedInterfaceOrientations = UIInterfaceOrientationPortrait;
				IPHONEOS_DEPLOYMENT_TARGET = 26.0;
				LD_RUNPATH_SEARCH_PATHS = (
					"$(inherited)",
					"@executable_path/Frameworks",
				);
				MARKETING_VERSION = 1.0;
				PRODUCT_BUNDLE_IDENTIFIER = com.quettasoft.app.SecureOTP;
				PRODUCT_NAME = "$(TARGET_NAME)";
				SDKROOT = iphoneos;
				SUPPORTS_MACCATALYST = YES;
				SUPPORTS_MAC_DESIGNED_FOR_IPHONE_IPAD = YES;
				SWIFT_EMIT_LOC_STRINGS = YES;
				SWIFT_VERSION = 5.0;
				TARGETED_DEVICE_FAMILY = "1,2,6";
			};
			name = Release;
		};
		M702 /* Debug */ = {
			isa = XCBuildConfiguration;
			buildSettings = {
				ASSETCATALOG_COMPILER_APPICON_NAME = AppIcon;
				ASSETCATALOG_COMPILER_GLOBAL_ACCENT_COLOR_NAME = AccentColor;
				CODE_SIGN_ENTITLEMENTS = SecureOTP/SecureOTP.entitlements;
				CODE_SIGN_STYLE = Automatic;
				COMBINE_HIDPI_IMAGES = YES;
				CURRENT_PROJECT_VERSION = 1;
				DEAD_CODE_STRIPPING = YES;
				ENABLE_HARDENED_RUNTIME = YES;
				ENABLE_PREVIEWS = YES;
				GENERATE_INFOPLIST_FILE = YES;
				INFOPLIST_FILE = SecureOTP/macOS/Info.plist;
				INFOPLIST_KEY_CFBundleDisplayName = "Secure OTP";
				INFOPLIST_KEY_NSHumanReadableCopyright = "";
				LD_RUNPATH_SEARCH_PATHS = (
					"$(inherited)",
					"@executable_path/../Frameworks",
				);
				MACOSX_DEPLOYMENT_TARGET = 14.0;
				MARKETING_VERSION = 1.0;
				PRODUCT_BUNDLE_IDENTIFIER = com.quettasoft.app.SecureOTP.macos;
				PRODUCT_NAME = "$(TARGET_NAME)";
				SDKROOT = macosx;
				SWIFT_EMIT_LOC_STRINGS = YES;
				SWIFT_VERSION = 5.0;
			};
			name = Debug;
		};
		M703 /* Release */ = {
			isa = XCBuildConfiguration;
			buildSettings = {
				ASSETCATALOG_COMPILER_APPICON_NAME = AppIcon;
				ASSETCATALOG_COMPILER_GLOBAL_ACCENT_COLOR_NAME = AccentColor;
				CODE_SIGN_ENTITLEMENTS = SecureOTP/SecureOTP.entitlements;
				CODE_SIGN_STYLE = Automatic;
				COMBINE_HIDPI_IMAGES = YES;
				CURRENT_PROJECT_VERSION = 1;
				DEAD_CODE_STRIPPING = YES;
				ENABLE_HARDENED_RUNTIME = YES;
				ENABLE_PREVIEWS = YES;
				GENERATE_INFOPLIST_FILE = YES;
				INFOPLIST_FILE = SecureOTP/macOS/Info.plist;
				INFOPLIST_KEY_CFBundleDisplayName = "Secure OTP";
				INFOPLIST_KEY_NSHumanReadableCopyright = "";
				LD_RUNPATH_SEARCH_PATHS = (
					"$(inherited)",
					"@executable_path/../Frameworks",
				);
				MACOSX_DEPLOYMENT_TARGET = 14.0;
				MARKETING_VERSION = 1.0;
				PRODUCT_BUNDLE_IDENTIFIER = com.quettasoft.app.SecureOTP.macos;
				PRODUCT_NAME = "$(TARGET_NAME)";
				SDKROOT = macosx;
				SWIFT_EMIT_LOC_STRINGS = YES;
				SWIFT_VERSION = 5.0;
			};
			name = Release;
		};
		W702 /* Debug */ = {
			isa = XCBuildConfiguration;
			buildSettings = {
				ASSETCATALOG_COMPILER_APPICON_NAME = AppIcon;
				ASSETCATALOG_COMPILER_GLOBAL_ACCENT_COLOR_NAME = AccentColor;
				CODE_SIGN_STYLE = Automatic;
				CURRENT_PROJECT_VERSION = 1;
				ENABLE_PREVIEWS = YES;
				GENERATE_INFOPLIST_FILE = YES;
				INFOPLIST_KEY_CFBundleDisplayName = "Secure OTP";
				INFOPLIST_KEY_WKCompanionAppBundleIdentifier = com.quettasoft.app.SecureOTP;
				LD_RUNPATH_SEARCH_PATHS = (
					"$(inherited)",
					"@executable_path/Frameworks",
				);
				MARKETING_VERSION = 1.0;
				PRODUCT_BUNDLE_IDENTIFIER = com.quettasoft.app.SecureOTP.watchkitapp;
				PRODUCT_NAME = "$(TARGET_NAME)";
				SDKROOT = watchos;
				SKIP_INSTALL = YES;
				SWIFT_EMIT_LOC_STRINGS = YES;
				SWIFT_VERSION = 5.0;
				TARGETED_DEVICE_FAMILY = 4;
				WATCHOS_DEPLOYMENT_TARGET = 10.0;
			};
			name = Debug;
		};
		W703 /* Release */ = {
			isa = XCBuildConfiguration;
			buildSettings = {
				ASSETCATALOG_COMPILER_APPICON_NAME = AppIcon;
				ASSETCATALOG_COMPILER_GLOBAL_ACCENT_COLOR_NAME = AccentColor;
				CODE_SIGN_STYLE = Automatic;
				CURRENT_PROJECT_VERSION = 1;
				ENABLE_PREVIEWS = YES;
				GENERATE_INFOPLIST_FILE = YES;
				INFOPLIST_KEY_CFBundleDisplayName = "Secure OTP";
				INFOPLIST_KEY_WKCompanionAppBundleIdentifier = com.quettasoft.app.SecureOTP;
				LD_RUNPATH_SEARCH_PATHS = (
					"$(inherited)",
					"@executable_path/Frameworks",
				);
				MARKETING_VERSION = 1.0;
				PRODUCT_BUNDLE_IDENTIFIER = com.quettasoft.app.SecureOTP.watchkitapp;
				PRODUCT_NAME = "$(TARGET_NAME)";
				SDKROOT = watchos;
				SKIP_INSTALL = YES;
				SWIFT_EMIT_LOC_STRINGS = YES;
				SWIFT_VERSION = 5.0;
				TARGETED_DEVICE_FAMILY = 4;
				WATCHOS_DEPLOYMENT_TARGET = 10.0;
			};
			name = Release;
		};
/* End XCBuildConfiguration section */

/* Begin XCConfigurationList section */
		500 /* Build configuration list for PBXNativeTarget "SecureOTP" */ = {
			isa = XCConfigurationList;
			buildConfigurations = (
				702 /* Debug */,
				703 /* Release */,
			);
			defaultConfigurationIsVisible = 0;
			defaultConfigurationName = Release;
		};
		601 /* Build configuration list for PBXProject "SecureOTP" */ = {
			isa = XCConfigurationList;
			buildConfigurations = (
				700 /* Debug */,
				701 /* Release */,
			);
			defaultConfigurationIsVisible = 0;
			defaultConfigurationName = Release;
		};
		M500 /* Build configuration list for PBXNativeTarget "SecureOTP macOS" */ = {
			isa = XCConfigurationList;
			buildConfigurations = (
				M702 /* Debug */,
				M703 /* Release */,
			);
			defaultConfigurationIsVisible = 0;
			defaultConfigurationName = Release;
		};
		W500 /* Build configuration list for PBXNativeTarget "SecureOTP Watch" */ = {
			isa = XCConfigurationList;
			buildConfigurations = (
				W702 /* Debug */,
				W703 /* Release */,
			);
			defaultConfigurationIsVisible = 0;
			defaultConfigurationName = Release;
		};
/* End XCConfigurationList section */
	};
	rootObject = 600 /* Project object */;
}
